
Microsoft Visual Studio Solution File, Format Version 12.00
# Visual Studio Version 17
VisualStudioVersion = 17.4.33213.308
MinimumVisualStudioVersion = 10.0.40219.1
Project("{FAE04EC0-301F-11D3-BF4B-00C04F79EFBC}") = "Target-Exercicio4", "Target-Exercicio4\Target-Exercicio4.csproj", "{AD858681-56E0-44B5-80B2-3DE51F3E908D}"
EndProject
Global
	GlobalSection(SolutionConfigurationPlatforms) = preSolution
		Debug|Any CPU = Debug|Any CPU
		Release|Any CPU = Release|Any CPU
	EndGlobalSection
	GlobalSection(ProjectConfigurationPlatforms) = postSolution
		{AD858681-56E0-44B5-80B2-3DE51F3E908D}.Debug|Any CPU.ActiveCfg = Debug|Any CPU
		{AD858681-56E0-44B5-80B2-3DE51F3E908D}.Debug|Any CPU.Build.0 = Debug|Any CPU
		{AD858681-56E0-44B5-80B2-3DE51F3E908D}.Release|Any CPU.ActiveCfg = Release|Any CPU
		{AD858681-56E0-44B5-80B2-3DE51F3E908D}.Release|Any CPU.Build.0 = Release|Any CPU
	EndGlobalSection
	GlobalSection(SolutionProperties) = preSolution
		HideSolutionNode = FALSE
	EndGlobalSection
	GlobalSection(ExtensibilityGlobals) = postSolution
		SolutionGuid = {B26B1FF0-B5DD-45E5-833A-17802F781525}
	EndGlobalSection
EndGlobal
